
Microsoft Visual Studio Solution File, Format Version 12.00
# Visual Studio Version 17
VisualStudioVersion = 17.6.33829.357
MinimumVisualStudioVersion = 10.0.40219.1
Project("{FAE04EC0-301F-11D3-BF4B-00C04F79EFBC}") = "MyBookStoreApplication", "MyBookStoreApplication\MyBookStoreApplication.csproj", "{732DFE6F-3C7C-4A40-929D-E5BBE2F039A5}"
EndProject
Global
	GlobalSection(SolutionConfigurationPlatforms) = preSolution
		Debug|Any CPU = Debug|Any CPU
		Release|Any CPU = Release|Any CPU
	EndGlobalSection
	GlobalSection(ProjectConfigurationPlatforms) = postSolution
		{732DFE6F-3C7C-4A40-929D-E5BBE2F039A5}.Debug|Any CPU.ActiveCfg = Debug|Any CPU
		{732DFE6F-3C7C-4A40-929D-E5BBE2F039A5}.Debug|Any CPU.Build.0 = Debug|Any CPU
		{732DFE6F-3C7C-4A40-929D-E5BBE2F039A5}.Release|Any CPU.ActiveCfg = Release|Any CPU
		{732DFE6F-3C7C-4A40-929D-E5BBE2F039A5}.Release|Any CPU.Build.0 = Release|Any CPU
	EndGlobalSection
	GlobalSection(SolutionProperties) = preSolution
		HideSolutionNode = FALSE
	EndGlobalSection
	GlobalSection(ExtensibilityGlobals) = postSolution
		SolutionGuid = {C7CF50E0-4121-4E52-B28F-0306A427F8B8}
	EndGlobalSection
EndGlobal
